// !$*UTF8*$!
{
	archiveVersion = 1;
	classes = {
	};
	objectVersion = 56;
	objects = {

/* Begin PBXBuildFile section */
		FF8CD64F2C91AF1B0080F4C8 /* AppDelegate.swift in Sources */ = {isa = PBXBuildFile; fileRef = FF8CD64E2C91AF1B0080F4C8 /* AppDelegate.swift */; };
		FF8CD6512C91AF1B0080F4C8 /* SceneDelegate.swift in Sources */ = {isa = PBXBuildFile; fileRef = FF8CD6502C91AF1B0080F4C8 /* SceneDelegate.swift */; };
		FF8CD6532C91AF1B0080F4C8 /* ViewController.swift in Sources */ = {isa = PBXBuildFile; fileRef = FF8CD6522C91AF1B0080F4C8 /* ViewController.swift */; };
		FF8CD6562C91AF1B0080F4C8 /* Base in Resources */ = {isa = PBXBuildFile; fileRef = FF8CD6552C91AF1B0080F4C8 /* Base */; };
		FF8CD6582C91AF1C0080F4C8 /* Assets.xcassets in Resources */ = {isa = PBXBuildFile; fileRef = FF8CD6572C91AF1C0080F4C8 /* Assets.xcassets */; };
		FF8CD65B2C91AF1C0080F4C8 /* Base in Resources */ = {isa = PBXBuildFile; fileRef = FF8CD65A2C91AF1C0080F4C8 /* Base */; };
		FF8CD6662C91AF1C0080F4C8 /* NardGameTests.swift in Sources */ = {isa = PBXBuildFile; fileRef = FF8CD6652C91AF1C0080F4C8 /* NardGameTests.swift */; };
		FF8CD6702C91AF1C0080F4C8 /* NardGameUITests.swift in Sources */ = {isa = PBXBuildFile; fileRef = FF8CD66F2C91AF1C0080F4C8 /* NardGameUITests.swift */; };
		FF8CD6722C91AF1C0080F4C8 /* NardGameUITestsLaunchTests.swift in Sources */ = {isa = PBXBuildFile; fileRef = FF8CD6712C91AF1C0080F4C8 /* NardGameUITestsLaunchTests.swift */; };
/* End PBXBuildFile section */

/* Begin PBXContainerItemProxy section */
		FF8CD6622C91AF1C0080F4C8 /* PBXContainerItemProxy */ = {
			isa = PBXContainerItemProxy;
			containerPortal = FF8CD6432C91AF1B0080F4C8 /* Project object */;
			proxyType = 1;
			remoteGlobalIDString = FF8CD64A2C91AF1B0080F4C8;
			remoteInfo = NardGame;
		};
		FF8CD66C2C91AF1C0080F4C8 /* PBXContainerItemProxy */ = {
			isa = PBXContainerItemProxy;
			containerPortal = FF8CD6432C91AF1B0080F4C8 /* Project object */;
			proxyType = 1;
			remoteGlobalIDString = FF8CD64A2C91AF1B0080F4C8;
			remoteInfo = NardGame;
		};
/* End PBXContainerItemProxy section */

/* Begin PBXFileReference section */
		FF8CD64B2C91AF1B0080F4C8 /* NardGame.app */ = {isa = PBXFileReference; explicitFileType = wrapper.application; includeInIndex = 0; path = NardGame.app; sourceTree = BUILT_PRODUCTS_DIR; };
		FF8CD64E2C91AF1B0080F4C8 /* AppDelegate.swift */ = {isa = PBXFileReference; lastKnownFileType = sourcecode.swift; path = AppDelegate.swift; sourceTree = "<group>"; };
		FF8CD6502C91AF1B0080F4C8 /* SceneDelegate.swift */ = {isa = PBXFileReference; lastKnownFileType = sourcecode.swift; path = SceneDelegate.swift; sourceTree = "<group>"; };
		FF8CD6522C91AF1B0080F4C8 /* ViewController.swift */ = {isa = PBXFileReference; lastKnownFileType = sourcecode.swift; path = ViewController.swift; sourceTree = "<group>"; };
		FF8CD6552C91AF1B0080F4C8 /* Base */ = {isa = PBXFileReference; lastKnownFileType = file.storyboard; name = Base; path = Base.lproj/Main.storyboard; sourceTree = "<group>"; };
		FF8CD6572C91AF1C0080F4C8 /* Assets.xcassets */ = {isa = PBXFileReference; lastKnownFileType = folder.assetcatalog; path = Assets.xcassets; sourceTree = "<group>"; };
		FF8CD65A2C91AF1C0080F4C8 /* Base */ = {isa = PBXFileReference; lastKnownFileType = file.storyboard; name = Base; path = Base.lproj/LaunchScreen.storyboard; sourceTree = "<group>"; };
		FF8CD65C2C91AF1C0080F4C8 /* Info.plist */ = {isa = PBXFileReference; lastKnownFileType = text.plist.xml; path = Info.plist; sourceTree = "<group>"; };
		FF8CD6612C91AF1C0080F4C8 /* NardGameTests.xctest */ = {isa = PBXFileReference; explicitFileType = wrapper.cfbundle; includeInIndex = 0; path = NardGameTests.xctest; sourceTree = BUILT_PRODUCTS_DIR; };
		FF8CD6652C91AF1C0080F4C8 /* NardGameTests.swift */ = {isa = PBXFileReference; lastKnownFileType = sourcecode.swift; path = NardGameTests.swift; sourceTree = "<group>"; };
		FF8CD66B2C91AF1C0080F4C8 /* NardGameUITests.xctest */ = {isa = PBXFileReference; explicitFileType = wrapper.cfbundle; includeInIndex = 0; path = NardGameUITests.xctest; sourceTree = BUILT_PRODUCTS_DIR; };
		FF8CD66F2C91AF1C0080F4C8 /* NardGameUITests.swift */ = {isa = PBXFileReference; lastKnownFileType = sourcecode.swift; path = NardGameUITests.swift; sourceTree = "<group>"; };
		FF8CD6712C91AF1C0080F4C8 /* NardGameUITestsLaunchTests.swift */ = {isa = PBXFileReference; lastKnownFileType = sourcecode.swift; path = NardGameUITestsLaunchTests.swift; sourceTree = "<group>"; };
/* End PBXFileReference section */

/* Begin PBXFrameworksBuildPhase section */
		FF8CD6482C91AF1B0080F4C8 /* Frameworks */ = {
			isa = PBXFrameworksBuildPhase;
			buildActionMask = 2147483647;
			files = (
			);
			runOnlyForDeploymentPostprocessing = 0;
		};
		FF8CD65E2C91AF1C0080F4C8 /* Frameworks */ = {
			isa = PBXFrameworksBuildPhase;
			buildActionMask = 2147483647;
			files = (
			);
			runOnlyForDeploymentPostprocessing = 0;
		};
		FF8CD6682C91AF1C0080F4C8 /* Frameworks */ = {
			isa = PBXFrameworksBuildPhase;
			buildActionMask = 2147483647;
			files = (
			);
			runOnlyForDeploymentPostprocessing = 0;
		};
/* End PBXFrameworksBuildPhase section */

/* Begin PBXGroup section */
		FF8CD6422C91AF1B0080F4C8 = {
			isa = PBXGroup;
			children = (
				FF8CD64D2C91AF1B0080F4C8 /* NardGame */,
				FF8CD6642C91AF1C0080F4C8 /* NardGameTests */,
				FF8CD66E2C91AF1C0080F4C8 /* NardGameUITests */,
				FF8CD64C2C91AF1B0080F4C8 /* Products */,
			);
			sourceTree = "<group>";
		};
		FF8CD64C2C91AF1B0080F4C8 /* Products */ = {
			isa = PBXGroup;
			children = (
				FF8CD64B2C91AF1B0080F4C8 /* NardGame.app */,
				FF8CD6612C91AF1C0080F4C8 /* NardGameTests.xctest */,
				FF8CD66B2C91AF1C0080F4C8 /* NardGameUITests.xctest */,
			);
			name = Products;
			sourceTree = "<group>";
		};
		FF8CD64D2C91AF1B0080F4C8 /* NardGame */ = {
			isa = PBXGroup;
			children = (
				FF8CD64E2C91AF1B0080F4C8 /* AppDelegate.swift */,
				FF8CD6502C91AF1B0080F4C8 /* SceneDelegate.swift */,
				FF8CD6522C91AF1B0080F4C8 /* ViewController.swift */,
				FF8CD6542C91AF1B0080F4C8 /* Main.storyboard */,
				FF8CD6572C91AF1C0080F4C8 /* Assets.xcassets */,
				FF8CD6592C91AF1C0080F4C8 /* LaunchScreen.storyboard */,
				FF8CD65C2C91AF1C0080F4C8 /* Info.plist */,
			);
			path = NardGame;
			sourceTree = "<group>";
		};
		FF8CD6642C91AF1C0080F4C8 /* NardGameTests */ = {
			isa = PBXGroup;
			children = (
				FF8CD6652C91AF1C0080F4C8 /* NardGameTests.swift */,
			);
			path = NardGameTests;
			sourceTree = "<group>";
		};
		FF8CD66E2C91AF1C0080F4C8 /* NardGameUITests */ = {
			isa = PBXGroup;
			children = (
				FF8CD66F2C91AF1C0080F4C8 /* NardGameUITests.swift */,
				FF8CD6712C91AF1C0080F4C8 /* NardGameUITestsLaunchTests.swift */,
			);
			path = NardGameUITests;
			sourceTree = "<group>";
		};
/* End PBXGroup section */

/* Begin PBXNativeTarget section */
		FF8CD64A2C91AF1B0080F4C8 /* NardGame */ = {
			isa = PBXNativeTarget;
			buildConfigurationList = FF8CD6752C91AF1C0080F4C8 /* Build configuration list for PBXNativeTarget "NardGame" */;
			buildPhases = (
				FF8CD6472C91AF1B0080F4C8 /* Sources */,
				FF8CD6482C91AF1B0080F4C8 /* Frameworks */,
				FF8CD6492C91AF1B0080F4C8 /* Resources */,
			);
			buildRules = (
			);
			dependencies = (
			);
			name = NardGame;
			productName = NardGame;
			productReference = FF8CD64B2C91AF1B0080F4C8 /* NardGame.app */;
			productType = "com.apple.product-type.application";
		};
		FF8CD6602C91AF1C0080F4C8 /* NardGameTests */ = {
			isa = PBXNativeTarget;
			buildConfigurationList = FF8CD6782C91AF1C0080F4C8 /* Build configuration list for PBXNativeTarget "NardGameTests" */;
			buildPhases = (
				FF8CD65D2C91AF1C0080F4C8 /* Sources */,
				FF8CD65E2C91AF1C0080F4C8 /* Frameworks */,
				FF8CD65F2C91AF1C0080F4C8 /* Resources */,
			);
			buildRules = (
			);
			dependencies = (
				FF8CD6632C91AF1C0080F4C8 /* PBXTargetDependency */,
			);
			name = NardGameTests;
			productName = NardGameTests;
			productReference = FF8CD6612C91AF1C0080F4C8 /* NardGameTests.xctest */;
			productType = "com.apple.product-type.bundle.unit-test";
		};
		FF8CD66A2C91AF1C0080F4C8 /* NardGameUITests */ = {
			isa = PBXNativeTarget;
			buildConfigurationList = FF8CD67B2C91AF1C0080F4C8 /* Build configuration list for PBXNativeTarget "NardGameUITests" */;
			buildPhases = (
				FF8CD6672C91AF1C0080F4C8 /* Sources */,
				FF8CD6682C91AF1C0080F4C8 /* Frameworks */,
				FF8CD6692C91AF1C0080F4C8 /* Resources */,
			);
			buildRules = (
			);
			dependencies = (
				FF8CD66D2C91AF1C0080F4C8 /* PBXTargetDependency */,
			);
			name = NardGameUITests;
			productName = NardGameUITests;
			productReference = FF8CD66B2C91AF1C0080F4C8 /* NardGameUITests.xctest */;
			productType = "com.apple.product-type.bundle.ui-testing";
		};
/* End PBXNativeTarget section */

/* Begin PBXProject section */
		FF8CD6432C91AF1B0080F4C8 /* Project object */ = {
			isa = PBXProject;
			attributes = {
				BuildIndependentTargetsInParallel = 1;
				LastSwiftUpdateCheck = 1540;
				LastUpgradeCheck = 1540;
				TargetAttributes = {
					FF8CD64A2C91AF1B0080F4C8 = {
						CreatedOnToolsVersion = 15.4;
					};
					FF8CD6602C91AF1C0080F4C8 = {
						CreatedOnToolsVersion = 15.4;
						TestTargetID = FF8CD64A2C91AF1B0080F4C8;
					};
					FF8CD66A2C91AF1C0080F4C8 = {
						CreatedOnToolsVersion = 15.4;
						TestTargetID = FF8CD64A2C91AF1B0080F4C8;
					};
				};
			};
			buildConfigurationList = FF8CD6462C91AF1B0080F4C8 /* Build configuration list for PBXProject "NardGame" */;
			compatibilityVersion = "Xcode 14.0";
			developmentRegion = en;
			hasScannedForEncodings = 0;
			knownRegions = (
				en,
				Base,
			);
			mainGroup = FF8CD6422C91AF1B0080F4C8;
			productRefGroup = FF8CD64C2C91AF1B0080F4C8 /* Products */;
			projectDirPath = "";
			projectRoot = "";
			targets = (
				FF8CD64A2C91AF1B0080F4C8 /* NardGame */,
				FF8CD6602C91AF1C0080F4C8 /* NardGameTests */,
				FF8CD66A2C91AF1C0080F4C8 /* NardGameUITests */,
			);
		};
/* End PBXProject section */

/* Begin PBXResourcesBuildPhase section */
		FF8CD6492C91AF1B0080F4C8 /* Resources */ = {
			isa = PBXResourcesBuildPhase;
			buildActionMask = 2147483647;
			files = (
				FF8CD6582C91AF1C0080F4C8 /* Assets.xcassets in Resources */,
				FF8CD65B2C91AF1C0080F4C8 /* Base in Resources */,
				FF8CD6562C91AF1B0080F4C8 /* Base in Resources */,
			);
			runOnlyForDeploymentPostprocessing = 0;
		};
		FF8CD65F2C91AF1C0080F4C8 /* Resources */ = {
			isa = PBXResourcesBuildPhase;
			buildActionMask = 2147483647;
			files = (
			);
			runOnlyForDeploymentPostprocessing = 0;
		};
		FF8CD6692C91AF1C0080F4C8 /* Resources */ = {
			isa = PBXResourcesBuildPhase;
			buildActionMask = 2147483647;
			files = (
			);
			runOnlyForDeploymentPostprocessing = 0;
		};
/* End PBXResourcesBuildPhase section */

/* Begin PBXSourcesBuildPhase section */
		FF8CD6472C91AF1B0080F4C8 /* Sources */ = {
			isa = PBXSourcesBuildPhase;
			buildActionMask = 2147483647;
			files = (
				FF8CD6532C91AF1B0080F4C8 /* ViewController.swift in Sources */,
				FF8CD64F2C91AF1B0080F4C8 /* AppDelegate.swift in Sources */,
				FF8CD6512C91AF1B0080F4C8 /* SceneDelegate.swift in Sources */,
			);
			runOnlyForDeploymentPostprocessing = 0;
		};
		FF8CD65D2C91AF1C0080F4C8 /* Sources */ = {
			isa = PBXSourcesBuildPhase;
			buildActionMask = 2147483647;
			files = (
				FF8CD6662C91AF1C0080F4C8 /* NardGameTests.swift in Sources */,
			);
			runOnlyForDeploymentPostprocessing = 0;
		};
		FF8CD6672C91AF1C0080F4C8 /* Sources */ = {
			isa = PBXSourcesBuildPhase;
			buildActionMask = 2147483647;
			files = (
				FF8CD6722C91AF1C0080F4C8 /* NardGameUITestsLaunchTests.swift in Sources */,
				FF8CD6702C91AF1C0080F4C8 /* NardGameUITests.swift in Sources */,
			);
			runOnlyForDeploymentPostprocessing = 0;
		};
/* End PBXSourcesBuildPhase section */

/* Begin PBXTargetDependency section */
		FF8CD6632C91AF1C0080F4C8 /* PBXTargetDependency */ = {
			isa = PBXTargetDependency;
			target = FF8CD64A2C91AF1B0080F4C8 /* NardGame */;
			targetProxy = FF8CD6622C91AF1C0080F4C8 /* PBXContainerItemProxy */;
		};
		FF8CD66D2C91AF1C0080F4C8 /* PBXTargetDependency */ = {
			isa = PBXTargetDependency;
			target = FF8CD64A2C91AF1B0080F4C8 /* NardGame */;
			targetProxy = FF8CD66C2C91AF1C0080F4C8 /* PBXContainerItemProxy */;
		};
/* End PBXTargetDependency section */

/* Begin PBXVariantGroup section */
		FF8CD6542C91AF1B0080F4C8 /* Main.storyboard */ = {
			isa = PBXVariantGroup;
			children = (
				FF8CD6552C91AF1B0080F4C8 /* Base */,
			);
			name = Main.storyboard;
			sourceTree = "<group>";
		};
		FF8CD6592C91AF1C0080F4C8 /* LaunchScreen.storyboard */ = {
			isa = PBXVariantGroup;
			children = (
				FF8CD65A2C91AF1C0080F4C8 /* Base */,
			);
			name = LaunchScreen.storyboard;
			sourceTree = "<group>";
		};
/* End PBXVariantGroup section */

/* Begin XCBuildConfiguration section */
		FF8CD6732C91AF1C0080F4C8 /* Debug */ = {
			isa = XCBuildConfiguration;
			buildSettings = {
				ALWAYS_SEARCH_USER_PATHS = NO;
				ASSETCATALOG_COMPILER_GENERATE_SWIFT_ASSET_SYMBOL_EXTENSIONS = YES;
				CLANG_ANALYZER_NONNULL = YES;
				CLANG_ANALYZER_NUMBER_OBJECT_CONVERSION = YES_AGGRESSIVE;
				CLANG_CXX_LANGUAGE_STANDARD = "gnu++20";
				CLANG_ENABLE_MODULES = YES;
				CLANG_ENABLE_OBJC_ARC = YES;
				CLANG_ENABLE_OBJC_WEAK = YES;
				CLANG_WARN_BLOCK_CAPTURE_AUTORELEASING = YES;
				CLANG_WARN_BOOL_CONVERSION = YES;
				CLANG_WARN_COMMA = YES;
				CLANG_WARN_CONSTANT_CONVERSION = YES;
				CLANG_WARN_DEPRECATED_OBJC_IMPLEMENTATIONS = YES;
				CLANG_WARN_DIRECT_OBJC_ISA_USAGE = YES_ERROR;
				CLANG_WARN_DOCUMENTATION_COMMENTS = YES;
				CLANG_WARN_EMPTY_BODY = YES;
				CLANG_WARN_ENUM_CONVERSION = YES;
				CLANG_WARN_INFINITE_RECURSION = YES;
				CLANG_WARN_INT_CONVERSION = YES;
				CLANG_WARN_NON_LITERAL_NULL_CONVERSION = YES;
				CLANG_WARN_OBJC_IMPLICIT_RETAIN_SELF = YES;
				CLANG_WARN_OBJC_LITERAL_CONVERSION = YES;
				CLANG_WARN_OBJC_ROOT_CLASS = YES_ERROR;
				CLANG_WARN_QUOTED_INCLUDE_IN_FRAMEWORK_HEADER = YES;
				CLANG_WARN_RANGE_LOOP_ANALYSIS = YES;
				CLANG_WARN_STRICT_PROTOTYPES = YES;
				CLANG_WARN_SUSPICIOUS_MOVE = YES;
				CLANG_WARN_UNGUARDED_AVAILABILITY = YES_AGGRESSIVE;
				CLANG_WARN_UNREACHABLE_CODE = YES;
				CLANG_WARN__DUPLICATE_METHOD_MATCH = YES;
				COPY_PHASE_STRIP = NO;
				DEBUG_INFORMATION_FORMAT = dwarf;
				ENABLE_STRICT_OBJC_MSGSEND = YES;
				ENABLE_TESTABILITY = YES;
				ENABLE_USER_SCRIPT_SANDBOXING = YES;
				GCC_C_LANGUAGE_STANDARD = gnu17;
				GCC_DYNAMIC_NO_PIC = NO;
				GCC_NO_COMMON_BLOCKS = YES;
				GCC_OPTIMIZATION_LEVEL = 0;
				GCC_PREPROCESSOR_DEFINITIONS = (
					"DEBUG=1",
					"$(inherited)",
				);
				GCC_WARN_64_TO_32_BIT_CONVERSION = YES;
				GCC_WARN_ABOUT_RETURN_TYPE = YES_ERROR;
				GCC_WARN_UNDECLARED_SELECTOR = YES;
				GCC_WARN_UNINITIALIZED_AUTOS = YES_AGGRESSIVE;
				GCC_WARN_UNUSED_FUNCTION = YES;
				GCC_WARN_UNUSED_VARIABLE = YES;
				IPHONEOS_DEPLOYMENT_TARGET = 17.5;
				LOCALIZATION_PREFERS_STRING_CATALOGS = YES;
				MTL_ENABLE_DEBUG_INFO = INCLUDE_SOURCE;
				MTL_FAST_MATH = YES;
				ONLY_ACTIVE_ARCH = YES;
				SDKROOT = iphoneos;
				SWIFT_ACTIVE_COMPILATION_CONDITIONS = "DEBUG $(inherited)";
				SWIFT_OPTIMIZATION_LEVEL = "-Onone";
			};
			name = Debug;
		};
		FF8CD6742C91AF1C0080F4C8 /* Release */ = {
			isa = XCBuildConfiguration;
			buildSettings = {
				ALWAYS_SEARCH_USER_PATHS = NO;
				ASSETCATALOG_COMPILER_GENERATE_SWIFT_ASSET_SYMBOL_EXTENSIONS = YES;
				CLANG_ANALYZER_NONNULL = YES;
				CLANG_ANALYZER_NUMBER_OBJECT_CONVERSION = YES_AGGRESSIVE;
				CLANG_CXX_LANGUAGE_STANDARD = "gnu++20";
				CLANG_ENABLE_MODULES = YES;
				CLANG_ENABLE_OBJC_ARC = YES;
				CLANG_ENABLE_OBJC_WEAK = YES;
				CLANG_WARN_BLOCK_CAPTURE_AUTORELEASING = YES;
				CLANG_WARN_BOOL_CONVERSION = YES;
				CLANG_WARN_COMMA = YES;
				CLANG_WARN_CONSTANT_CONVERSION = YES;
				CLANG_WARN_DEPRECATED_OBJC_IMPLEMENTATIONS = YES;
				CLANG_WARN_DIRECT_OBJC_ISA_USAGE = YES_ERROR;
				CLANG_WARN_DOCUMENTATION_COMMENTS = YES;
				CLANG_WARN_EMPTY_BODY = YES;
				CLANG_WARN_ENUM_CONVERSION = YES;
				CLANG_WARN_INFINITE_RECURSION = YES;
				CLANG_WARN_INT_CONVERSION = YES;
				CLANG_WARN_NON_LITERAL_NULL_CONVERSION = YES;
				CLANG_WARN_OBJC_IMPLICIT_RETAIN_SELF = YES;
				CLANG_WARN_OBJC_LITERAL_CONVERSION = YES;
				CLANG_WARN_OBJC_ROOT_CLASS = YES_ERROR;
				CLANG_WARN_QUOTED_INCLUDE_IN_FRAMEWORK_HEADER = YES;
				CLANG_WARN_RANGE_LOOP_ANALYSIS = YES;
				CLANG_WARN_STRICT_PROTOTYPES = YES;
				CLANG_WARN_SUSPICIOUS_MOVE = YES;
				CLANG_WARN_UNGUARDED_AVAILABILITY = YES_AGGRESSIVE;
				CLANG_WARN_UNREACHABLE_CODE = YES;
				CLANG_WARN__DUPLICATE_METHOD_MATCH = YES;
				COPY_PHASE_STRIP = NO;
				DEBUG_INFORMATION_FORMAT = "dwarf-with-dsym";
				ENABLE_NS_ASSERTIONS = NO;
				ENABLE_STRICT_OBJC_MSGSEND = YES;
				ENABLE_USER_SCRIPT_SANDBOXING = YES;
				GCC_C_LANGUAGE_STANDARD = gnu17;
				GCC_NO_COMMON_BLOCKS = YES;
				GCC_WARN_64_TO_32_BIT_CONVERSION = YES;
				GCC_WARN_ABOUT_RETURN_TYPE = YES_ERROR;
				GCC_WARN_UNDECLARED_SELECTOR = YES;
				GCC_WARN_UNINITIALIZED_AUTOS = YES_AGGRESSIVE;
				GCC_WARN_UNUSED_FUNCTION = YES;
				GCC_WARN_UNUSED_VARIABLE = YES;
				IPHONEOS_DEPLOYMENT_TARGET = 17.5;
				LOCALIZATION_PREFERS_STRING_CATALOGS = YES;
				MTL_ENABLE_DEBUG_INFO = NO;
				MTL_FAST_MATH = YES;
				SDKROOT = iphoneos;
				SWIFT_COMPILATION_MODE = wholemodule;
				VALIDATE_PRODUCT = YES;
			};
			name = Release;
		};
		FF8CD6762C91AF1C0080F4C8 /* Debug */ = {
			isa = XCBuildConfiguration;
			buildSettings = {
				ASSETCATALOG_COMPILER_APPICON_NAME = AppIcon;
				ASSETCATALOG_COMPILER_GLOBAL_ACCENT_COLOR_NAME = AccentColor;
				CODE_SIGN_STYLE = Automatic;
				CURRENT_PROJECT_VERSION = 1;
				GENERATE_INFOPLIST_FILE = YES;
				INFOPLIST_FILE = NardGame/Info.plist;
				INFOPLIST_KEY_UIApplicationSupportsIndirectInputEvents = YES;
				INFOPLIST_KEY_UILaunchStoryboardName = LaunchScreen;
				INFOPLIST_KEY_UIMainStoryboardFile = Main;
				INFOPLIST_KEY_UISupportedInterfaceOrientations_iPad = "UIInterfaceOrientationPortrait UIInterfaceOrientationPortraitUpsideDown UIInterfaceOrientationLandscapeLeft UIInterfaceOrientationLandscapeRight";
				INFOPLIST_KEY_UISupportedInterfaceOrientations_iPhone = "UIInterfaceOrientationPortrait UIInterfaceOrientationLandscapeLeft UIInterfaceOrientationLandscapeRight";
				LD_RUNPATH_SEARCH_PATHS = (
					"$(inherited)",
					"@executable_path/Frameworks",
				);
				MARKETING_VERSION = 1.0;
				PRODUCT_BUNDLE_IDENTIFIER = com.Jo.NardGame;
				PRODUCT_NAME = "$(TARGET_NAME)";
				SWIFT_EMIT_LOC_STRINGS = YES;
				SWIFT_VERSION = 5.0;
				TARGETED_DEVICE_FAMILY = "1,2";
			};
			name = Debug;
		};
		FF8CD6772C91AF1C0080F4C8 /* Release */ = {
			isa = XCBuildConfiguration;
			buildSettings = {
				ASSETCATALOG_COMPILER_APPICON_NAME = AppIcon;
				ASSETCATALOG_COMPILER_GLOBAL_ACCENT_COLOR_NAME = AccentColor;
				CODE_SIGN_STYLE = Automatic;
				CURRENT_PROJECT_VERSION = 1;
				GENERATE_INFOPLIST_FILE = YES;
				INFOPLIST_FILE = NardGame/Info.plist;
				INFOPLIST_KEY_UIApplicationSupportsIndirectInputEvents = YES;
				INFOPLIST_KEY_UILaunchStoryboardName = LaunchScreen;
				INFOPLIST_KEY_UIMainStoryboardFile = Main;
				INFOPLIST_KEY_UISupportedInterfaceOrientations_iPad = "UIInterfaceOrientationPortrait UIInterfaceOrientationPortraitUpsideDown UIInterfaceOrientationLandscapeLeft UIInterfaceOrientationLandscapeRight";
				INFOPLIST_KEY_UISupportedInterfaceOrientations_iPhone = "UIInterfaceOrientationPortrait UIInterfaceOrientationLandscapeLeft UIInterfaceOrientationLandscapeRight";
				LD_RUNPATH_SEARCH_PATHS = (
					"$(inherited)",
					"@executable_path/Frameworks",
				);
				MARKETING_VERSION = 1.0;
				PRODUCT_BUNDLE_IDENTIFIER = com.Jo.NardGame;
				PRODUCT_NAME = "$(TARGET_NAME)";
				SWIFT_EMIT_LOC_STRINGS = YES;
				SWIFT_VERSION = 5.0;
				TARGETED_DEVICE_FAMILY = "1,2";
			};
			name = Release;
		};
		FF8CD6792C91AF1C0080F4C8 /* Debug */ = {
			isa = XCBuildConfiguration;
			buildSettings = {
				ALWAYS_EMBED_SWIFT_STANDARD_LIBRARIES = YES;
				BUNDLE_LOADER = "$(TEST_HOST)";
				CODE_SIGN_STYLE = Automatic;
				CURRENT_PROJECT_VERSION = 1;
				GENERATE_INFOPLIST_FILE = YES;
				IPHONEOS_DEPLOYMENT_TARGET = 17.5;
				MARKETING_VERSION = 1.0;
				PRODUCT_BUNDLE_IDENTIFIER = com.Jo.NardGameTests;
				PRODUCT_NAME = "$(TARGET_NAME)";
				SWIFT_EMIT_LOC_STRINGS = NO;
				SWIFT_VERSION = 5.0;
				TARGETED_DEVICE_FAMILY = "1,2";
				TEST_HOST = "$(BUILT_PRODUCTS_DIR)/NardGame.app/$(BUNDLE_EXECUTABLE_FOLDER_PATH)/NardGame";
			};
			name = Debug;
		};
		FF8CD67A2C91AF1C0080F4C8 /* Release */ = {
			isa = XCBuildConfiguration;
			buildSettings = {
				ALWAYS_EMBED_SWIFT_STANDARD_LIBRARIES = YES;
				BUNDLE_LOADER = "$(TEST_HOST)";
				CODE_SIGN_STYLE = Automatic;
				CURRENT_PROJECT_VERSION = 1;
				GENERATE_INFOPLIST_FILE = YES;
				IPHONEOS_DEPLOYMENT_TARGET = 17.5;
				MARKETING_VERSION = 1.0;
				PRODUCT_BUNDLE_IDENTIFIER = com.Jo.NardGameTests;
				PRODUCT_NAME = "$(TARGET_NAME)";
				SWIFT_EMIT_LOC_STRINGS = NO;
				SWIFT_VERSION = 5.0;
				TARGETED_DEVICE_FAMILY = "1,2";
				TEST_HOST = "$(BUILT_PRODUCTS_DIR)/NardGame.app/$(BUNDLE_EXECUTABLE_FOLDER_PATH)/NardGame";
			};
			name = Release;
		};
		FF8CD67C2C91AF1C0080F4C8 /* Debug */ = {
			isa = XCBuildConfiguration;
			buildSettings = {
				ALWAYS_EMBED_SWIFT_STANDARD_LIBRARIES = YES;
				CODE_SIGN_STYLE = Automatic;
				CURRENT_PROJECT_VERSION = 1;
				GENERATE_INFOPLIST_FILE = YES;
				MARKETING_VERSION = 1.0;
				PRODUCT_BUNDLE_IDENTIFIER = com.Jo.NardGameUITests;
				PRODUCT_NAME = "$(TARGET_NAME)";
				SWIFT_EMIT_LOC_STRINGS = NO;
				SWIFT_VERSION = 5.0;
				TARGETED_DEVICE_FAMILY = "1,2";
				TEST_TARGET_NAME = NardGame;
			};
			name = Debug;
		};
		FF8CD67D2C91AF1C0080F4C8 /* Release */ = {
			isa = XCBuildConfiguration;
			buildSettings = {
				ALWAYS_EMBED_SWIFT_STANDARD_LIBRARIES = YES;
				CODE_SIGN_STYLE = Automatic;
				CURRENT_PROJECT_VERSION = 1;
				GENERATE_INFOPLIST_FILE = YES;
				MARKETING_VERSION = 1.0;
				PRODUCT_BUNDLE_IDENTIFIER = com.Jo.NardGameUITests;
				PRODUCT_NAME = "$(TARGET_NAME)";
				SWIFT_EMIT_LOC_STRINGS = NO;
				SWIFT_VERSION = 5.0;
				TARGETED_DEVICE_FAMILY = "1,2";
				TEST_TARGET_NAME = NardGame;
			};
			name = Release;
		};
/* End XCBuildConfiguration section */

/* Begin XCConfigurationList section */
		FF8CD6462C91AF1B0080F4C8 /* Build configuration list for PBXProject "NardGame" */ = {
			isa = XCConfigurationList;
			buildConfigurations = (
				FF8CD6732C91AF1C0080F4C8 /* Debug */,
				FF8CD6742C91AF1C0080F4C8 /* Release */,
			);
			defaultConfigurationIsVisible = 0;
			defaultConfigurationName = Release;
		};
		FF8CD6752C91AF1C0080F4C8 /* Build configuration list for PBXNativeTarget "NardGame" */ = {
			isa = XCConfigurationList;
			buildConfigurations = (
				FF8CD6762C91AF1C0080F4C8 /* Debug */,
				FF8CD6772C91AF1C0080F4C8 /* Release */,
			);
			defaultConfigurationIsVisible = 0;
			defaultConfigurationName = Release;
		};
		FF8CD6782C91AF1C0080F4C8 /* Build configuration list for PBXNativeTarget "NardGameTests" */ = {
			isa = XCConfigurationList;
			buildConfigurations = (
				FF8CD6792C91AF1C0080F4C8 /* Debug */,
				FF8CD67A2C91AF1C0080F4C8 /* Release */,
			);
			defaultConfigurationIsVisible = 0;
			defaultConfigurationName = Release;
		};
		FF8CD67B2C91AF1C0080F4C8 /* Build configuration list for PBXNativeTarget "NardGameUITests" */ = {
			isa = XCConfigurationList;
			buildConfigurations = (
				FF8CD67C2C91AF1C0080F4C8 /* Debug */,
				FF8CD67D2C91AF1C0080F4C8 /* Release */,
			);
			defaultConfigurationIsVisible = 0;
			defaultConfigurationName = Release;
		};
/* End XCConfigurationList section */
	};
	rootObject = FF8CD6432C91AF1B0080F4C8 /* Project object */;
}
